// !$*UTF8*$!
{
	archiveVersion = 1;
	classes = {
	};
	objectVersion = 77;
	objects = {

/* Begin PBXBuildFile section */
		038FF0D68E49E3A49CD983C1 /* Toilet.usdz in Resources */ = {isa = PBXBuildFile; fileRef = 198131F8FBD0C2141186411F /* Toilet.usdz */; };
		054002F35BB7588A385C02DD /* PatternGenerator.swift in Sources */ = {isa = PBXBuildFile; fileRef = FE0A4CF7299EAABDE56E7A55 /* PatternGenerator.swift */; };
		075B149DE71910946460F250 /* DepthMap.swift in Sources */ = {isa = PBXBuildFile; fileRef = 211C3036F80743386EEC264C /* DepthMap.swift */; };
		08398DBD0FF47E84B1880342 /* pattern-giraffe.png in Resources */ = {isa = PBXBuildFile; fileRef = 79AF8C56DE8E7253760ED4F9 /* pattern-giraffe.png */; };
		0BF4C4A54AD928235034FBF2 /* pattern-noise.png in Resources */ = {isa = PBXBuildFile; fileRef = 414DD9BF6E3502640E6E087F /* pattern-noise.png */; };
		0E514E57FAB6D08B6BABC72B /* Localizable.xcstrings in Resources */ = {isa = PBXBuildFile; fileRef = FDD46A613A9E670F3E272D91 /* Localizable.xcstrings */; };
		1BDC9EFB7BC8E27FC89D33CA /* planet.png in Resources */ = {isa = PBXBuildFile; fileRef = D24646BE511AA16BC01A8D12 /* planet.png */; };
		2A4F00AE5F82F3F19D12E011 /* pattern-space.png in Resources */ = {isa = PBXBuildFile; fileRef = 1408C6E371E060CBA4D10695 /* pattern-space.png */; };
		2BEDAF8287EE8289A9FE7904 /* StereogramResultView.swift in Sources */ = {isa = PBXBuildFile; fileRef = 723C49A475CFE536CC329EFF /* StereogramResultView.swift */; };
		353AE9B101F5CF786BB10899 /* RandomDotGenerator.swift in Sources */ = {isa = PBXBuildFile; fileRef = 4EE8194155949D810C41F7A0 /* RandomDotGenerator.swift */; };
		392EA81D6233EE936962FFC2 /* pattern-wallpaper.png in Resources */ = {isa = PBXBuildFile; fileRef = 5822C001567595BA9A4171EE /* pattern-wallpaper.png */; };
		395307A9B7EF950109B24E60 /* sphinx.png in Resources */ = {isa = PBXBuildFile; fileRef = CF87D1645D6A296BDD2B89AD /* sphinx.png */; };
		3B918630577BE46D7BAE59D2 /* ProceduralParamsView.swift in Sources */ = {isa = PBXBuildFile; fileRef = 958555080B93885E58B07D46 /* ProceduralParamsView.swift */; };
		4039F749B5F94211E51F15F4 /* pattern-circles.png in Resources */ = {isa = PBXBuildFile; fileRef = B7EEAFCAFDE8E19EE1239637 /* pattern-circles.png */; };
		41935C8CB4335A49D2569DFC /* generate_patterns.py in Resources */ = {isa = PBXBuildFile; fileRef = 81805564F006605D94017849 /* generate_patterns.py */; };
		43178DC62FA2A303006F6DCB /* ScanPasses-iPhone-FixedHeight-1.mp4 in Resources */ = {isa = PBXBuildFile; fileRef = 43178DA42FA2A303006F6DCB /* ScanPasses-iPhone-FixedHeight-1.mp4 */; };
		43178DC72FA2A303006F6DCB /* ScanPasses-iPad-FixedHeight-1.mp4 in Resources */ = {isa = PBXBuildFile; fileRef = 43178D9F2FA2A303006F6DCB /* ScanPasses-iPad-FixedHeight-1.mp4 */; };
		43178DC82FA2A303006F6DCB /* ScanPasses-iPhone-FixedHeight-unflippable-high.mp4 in Resources */ = {isa = PBXBuildFile; fileRef = 43178DA72FA2A303006F6DCB /* ScanPasses-iPhone-FixedHeight-unflippable-high.mp4 */; };
		43178DC92FA2A303006F6DCB /* ScanPasses-iPad-FixedHeight-2.mp4 in Resources */ = {isa = PBXBuildFile; fileRef = 43178DA02FA2A303006F6DCB /* ScanPasses-iPad-FixedHeight-2.mp4 */; };
		43178DCA2FA2A303006F6DCB /* ScanPasses-iPhone-FixedHeight-3.mp4 in Resources */ = {isa = PBXBuildFile; fileRef = 43178DA62FA2A303006F6DCB /* ScanPasses-iPhone-FixedHeight-3.mp4 */; };
		43178DCB2FA2A303006F6DCB /* ScanPasses-iPhone-FixedHeight-unflippable-low.mp4 in Resources */ = {isa = PBXBuildFile; fileRef = 43178DA82FA2A303006F6DCB /* ScanPasses-iPhone-FixedHeight-unflippable-low.mp4 */; };
		43178DCC2FA2A303006F6DCB /* ScanPasses-iPad-FixedHeight-unflippable-high.mp4 in Resources */ = {isa = PBXBuildFile; fileRef = 43178DA22FA2A303006F6DCB /* ScanPasses-iPad-FixedHeight-unflippable-high.mp4 */; };
		43178DCD2FA2A303006F6DCB /* ScanPasses-iPad-FixedHeight-3.mp4 in Resources */ = {isa = PBXBuildFile; fileRef = 43178DA12FA2A303006F6DCB /* ScanPasses-iPad-FixedHeight-3.mp4 */; };
		43178DCE2FA2A303006F6DCB /* ScanPasses-iPad-FixedHeight-unflippable-low.mp4 in Resources */ = {isa = PBXBuildFile; fileRef = 43178DA32FA2A303006F6DCB /* ScanPasses-iPad-FixedHeight-unflippable-low.mp4 */; };
		43178DCF2FA2A303006F6DCB /* ScanPasses-iPhone-FixedHeight-2.mp4 in Resources */ = {isa = PBXBuildFile; fileRef = 43178DA52FA2A303006F6DCB /* ScanPasses-iPhone-FixedHeight-2.mp4 */; };
		43178DD02FA2A303006F6DCB /* UntilProcessingCompleteFilter.swift in Sources */ = {isa = PBXBuildFile; fileRef = 43178DC32FA2A303006F6DCB /* UntilProcessingCompleteFilter.swift */; };
		43178DD12FA2A303006F6DCB /* GuidedCaptureModel+Orbit.swift in Sources */ = {isa = PBXBuildFile; fileRef = 43178DB22FA2A303006F6DCB /* GuidedCaptureModel+Orbit.swift */; };
		43178DD22FA2A303006F6DCB /* OnboardingButtonView+LocalizedString.swift in Sources */ = {isa = PBXBuildFile; fileRef = 43178DB82FA2A303006F6DCB /* OnboardingButtonView+LocalizedString.swift */; };
		43178DD32FA2A303006F6DCB /* ReconstructionPrimaryView.swift in Sources */ = {isa = PBXBuildFile; fileRef = 43178DBF2FA2A303006F6DCB /* ReconstructionPrimaryView.swift */; };
		43178DD42FA2A303006F6DCB /* FeedbackView.swift in Sources */ = {isa = PBXBuildFile; fileRef = 43178DB02FA2A303006F6DCB /* FeedbackView.swift */; };
		43178DD52FA2A303006F6DCB /* ModelView.swift in Sources */ = {isa = PBXBuildFile; fileRef = 43178DB62FA2A303006F6DCB /* ModelView.swift */; };
		43178DD62FA2A303006F6DCB /* OnboardingTutorialView.swift in Sources */ = {isa = PBXBuildFile; fileRef = 43178DBA2FA2A303006F6DCB /* OnboardingTutorialView.swift */; };
		43178DD72FA2A303006F6DCB /* CaptureOverlayView+LocalizedString.swift in Sources */ = {isa = PBXBuildFile; fileRef = 43178DAD2FA2A303006F6DCB /* CaptureOverlayView+LocalizedString.swift */; };
		43178DD82FA2A303006F6DCB /* OnboardingButtonView.swift in Sources */ = {isa = PBXBuildFile; fileRef = 43178DB72FA2A303006F6DCB /* OnboardingButtonView.swift */; };
		43178DD92FA2A303006F6DCB /* GuidedCaptureModel+State.swift in Sources */ = {isa = PBXBuildFile; fileRef = 43178DB32FA2A303006F6DCB /* GuidedCaptureModel+State.swift */; };
		43178DDA2FA2A303006F6DCB /* PlayerView.swift in Sources */ = {isa = PBXBuildFile; fileRef = 43178DBD2FA2A303006F6DCB /* PlayerView.swift */; };
		43178DDB2FA2A303006F6DCB /* CaptureOverlayView+Buttons.swift in Sources */ = {isa = PBXBuildFile; fileRef = 43178DAC2FA2A303006F6DCB /* CaptureOverlayView+Buttons.swift */; };
		43178DDC2FA2A303006F6DCB /* OnboardingTutorialView+LocalizedString.swift in Sources */ = {isa = PBXBuildFile; fileRef = 43178DBB2FA2A303006F6DCB /* OnboardingTutorialView+LocalizedString.swift */; };
		43178DDD2FA2A303006F6DCB /* ShotFileInfo.swift in Sources */ = {isa = PBXBuildFile; fileRef = 43178DC02FA2A303006F6DCB /* ShotFileInfo.swift */; };
		43178DDE2FA2A303006F6DCB /* CaptureFolderManager.swift in Sources */ = {isa = PBXBuildFile; fileRef = 43178DAA2FA2A303006F6DCB /* CaptureFolderManager.swift */; };
		43178DDF2FA2A303006F6DCB /* ProgressBarView.swift in Sources */ = {isa = PBXBuildFile; fileRef = 43178DBE2FA2A303006F6DCB /* ProgressBarView.swift */; };
		43178DE02FA2A303006F6DCB /* CaptureOverlayView.swift in Sources */ = {isa = PBXBuildFile; fileRef = 43178DAB2FA2A303006F6DCB /* CaptureOverlayView.swift */; };
		43178DE12FA2A303006F6DCB /* FeedbackMessages.swift in Sources */ = {isa = PBXBuildFile; fileRef = 43178DAF2FA2A303006F6DCB /* FeedbackMessages.swift */; };
		43178DE22FA2A303006F6DCB /* OnboardingView.swift in Sources */ = {isa = PBXBuildFile; fileRef = 43178DBC2FA2A303006F6DCB /* OnboardingView.swift */; };
		43178DE32FA2A303006F6DCB /* CapturePrimaryView.swift in Sources */ = {isa = PBXBuildFile; fileRef = 43178DAE2FA2A303006F6DCB /* CapturePrimaryView.swift */; };
		43178DE42FA2A303006F6DCB /* TutorialVideoView.swift in Sources */ = {isa = PBXBuildFile; fileRef = 43178DC22FA2A303006F6DCB /* TutorialVideoView.swift */; };
		43178DE52FA2A303006F6DCB /* OnboardingStateMachine.swift in Sources */ = {isa = PBXBuildFile; fileRef = 43178DB92FA2A303006F6DCB /* OnboardingStateMachine.swift */; };
		43178DE62FA2A303006F6DCB /* GuidedCaptureModel.swift in Sources */ = {isa = PBXBuildFile; fileRef = 43178DB12FA2A303006F6DCB /* GuidedCaptureModel.swift */; };
		43178DE72FA2A303006F6DCB /* HelpPageView.swift in Sources */ = {isa = PBXBuildFile; fileRef = 43178DB52FA2A303006F6DCB /* HelpPageView.swift */; };
		43178DE82FA2A303006F6DCB /* TimedMessageList.swift in Sources */ = {isa = PBXBuildFile; fileRef = 43178DC12FA2A303006F6DCB /* TimedMessageList.swift */; };
		43178DE92FA2A303006F6DCB /* GuidedCaptureRootView.swift in Sources */ = {isa = PBXBuildFile; fileRef = 43178DB42FA2A303006F6DCB /* GuidedCaptureRootView.swift */; };
		43178DEB2FA2A336006F6DCB /* CapturedModelLibrary.swift in Sources */ = {isa = PBXBuildFile; fileRef = 43178DEA2FA2A336006F6DCB /* CapturedModelLibrary.swift */; };
		43178DED2FA2A3E4006F6DCB /* NameCaptureSheet.swift in Sources */ = {isa = PBXBuildFile; fileRef = 43178DEC2FA2A3E4006F6DCB /* NameCaptureSheet.swift */; };
		43178DEF2FA7F17A006F6DCB /* AppIcon.icon in Resources */ = {isa = PBXBuildFile; fileRef = 43178DEE2FA7F17A006F6DCB /* AppIcon.icon */; };
		43539DC62FA11E4B0036C10E /* Assets.xcassets in Resources */ = {isa = PBXBuildFile; fileRef = 43539DC52FA11E4B0036C10E /* Assets.xcassets */; };
		4488FBE6B1C2837ABAA5236C /* CIImage+Extensions.swift in Sources */ = {isa = PBXBuildFile; fileRef = 52397B838840B3784FB9BCE0 /* CIImage+Extensions.swift */; };
		4B3168DAA98000F24296E6CC /* DepthAnythingV2SmallF16.mlpackage in Sources */ = {isa = PBXBuildFile; fileRef = 4067757B620C8CDDE603B2DF /* DepthAnythingV2SmallF16.mlpackage */; };
		4E1E348EFE07BD1F6E667FEF /* DepthAdjustment.swift in Sources */ = {isa = PBXBuildFile; fileRef = C617E7FB146F4305FC0F5D94 /* DepthAdjustment.swift */; };
		5139AD1169699829B15E1432 /* car.png in Resources */ = {isa = PBXBuildFile; fileRef = 6AA15464A001A6C4045A267B /* car.png */; };
		537440AC1058761CE67CE65D /* ReactionDiffusionGenerator.swift in Sources */ = {isa = PBXBuildFile; fileRef = A2A3D20A06B30949D0623B83 /* ReactionDiffusionGenerator.swift */; };
		552E0CB6FB7792E3DF94DF39 /* pattern-mosaic.png in Resources */ = {isa = PBXBuildFile; fileRef = 65F76D55F9DF026A2482772B /* pattern-mosaic.png */; };
		5A0AF3B47FF94D79792CAFDD /* atomium.png in Resources */ = {isa = PBXBuildFile; fileRef = FB18E5489B15635A44FDC031 /* atomium.png */; };
		5B01577153C462783E54BA84 /* pattern-stones.png in Resources */ = {isa = PBXBuildFile; fileRef = DDA8A41F033EB0A35B892BD2 /* pattern-stones.png */; };
		5ED3082CA8166D15BA0A4BE1 /* dolphin.png in Resources */ = {isa = PBXBuildFile; fileRef = 64C28E0450959D70F83ECAEA /* dolphin.png */; };
		5FCAC5AFC57654B1AD89298A /* Model3DPreset.swift in Sources */ = {isa = PBXBuildFile; fileRef = 8147331644D902CEC7C53F14 /* Model3DPreset.swift */; };
		602883107FBFC818DB8A7FA8 /* StereogramGenerator.swift in Sources */ = {isa = PBXBuildFile; fileRef = E8B569D42D7D1DC2CA0FFC61 /* StereogramGenerator.swift */; };
		6181F745C7A27FA1D848732F /* thumbs-up.png in Resources */ = {isa = PBXBuildFile; fileRef = 6411A4DE9E8EEC20AEDB004B /* thumbs-up.png */; };
		629EE4830F2B55B9C5611589 /* PatternSource.swift in Sources */ = {isa = PBXBuildFile; fileRef = 453EBEAF23405B7B7BDDDC0C /* PatternSource.swift */; };
		673ACD09DFF3335B9F00E7AE /* Model3DLoader.swift in Sources */ = {isa = PBXBuildFile; fileRef = 433E7A8BB2FADAC22E0A21BF /* Model3DLoader.swift */; };
		6A09F71402310ABC4945DBC2 /* Chameleon.usdz in Resources */ = {isa = PBXBuildFile; fileRef = 2D8759BECD4285140A7241D1 /* Chameleon.usdz */; };
		6DD088ECCD33695018ADC8E0 /* PatternPreviewViewModel.swift in Sources */ = {isa = PBXBuildFile; fileRef = 60C0BD72E6379456B99D701E /* PatternPreviewViewModel.swift */; };
		6F86633BFC2C01E7D2F45CAA /* dog.png in Resources */ = {isa = PBXBuildFile; fileRef = 88AD0604DC6384DBBE907098 /* dog.png */; };
		71E04375676EDAC0B7C9237E /* LiDARDepthService.swift in Sources */ = {isa = PBXBuildFile; fileRef = 4AB63A790621C79B3BD1F82B /* LiDARDepthService.swift */; };
		72B3ACE73B6EF398E97D997C /* pattern-dots.png in Resources */ = {isa = PBXBuildFile; fileRef = CD4487180301295040A16E47 /* pattern-dots.png */; };
		7569A5DA8D8D4B79A7AADD38 /* DepthMapDenoiser.swift in Sources */ = {isa = PBXBuildFile; fileRef = A04390DE6584400B9F04015A /* DepthMapDenoiser.swift */; };
		78D1742F874A4B8E2462B848 /* Model3DCaptureViewModel.swift in Sources */ = {isa = PBXBuildFile; fileRef = 322AA5DB0C9DF9BD6DF0FC28 /* Model3DCaptureViewModel.swift */; };
		79E492EC97347AE8160DECAB /* pattern-stars.png in Resources */ = {isa = PBXBuildFile; fileRef = 12A6DB1F474AD6438DB0DE58 /* pattern-stars.png */; };
		875085DBDFAE4557B942A6A6 /* ContentView.swift in Sources */ = {isa = PBXBuildFile; fileRef = E3F1A2F6465330BCCBE73A38 /* ContentView.swift */; };
		8790347D7F0C68FE606A1BFA /* StereogramViewModel.swift in Sources */ = {isa = PBXBuildFile; fileRef = 179B87B4D79F5A8F9C7202E6 /* StereogramViewModel.swift */; };
		894A44CA96D1368AD62794C3 /* Model3DDepthRenderer.swift in Sources */ = {isa = PBXBuildFile; fileRef = 488C2567AE57C46B8C0CCBAA /* Model3DDepthRenderer.swift */; };
		95536D4B8C173096B982FA6B /* ToyCar.usdz in Resources */ = {isa = PBXBuildFile; fileRef = 1D6924AD86DA5C16628A3CEE /* ToyCar.usdz */; };
		9BBC6D68D3055569E8D42B9F /* pattern-foliage.png in Resources */ = {isa = PBXBuildFile; fileRef = 1700D06643974C2574354D6D /* pattern-foliage.png */; };
		9C903F6F099D51F23A085032 /* StereogramSettings.swift in Sources */ = {isa = PBXBuildFile; fileRef = 3A9FB28B5E8D7F42FF1C7AC8 /* StereogramSettings.swift */; };
		9FD861F147B7A0948989E279 /* DepthMapPreset.swift in Sources */ = {isa = PBXBuildFile; fileRef = 7146F3F1A17C29C0CF399D77 /* DepthMapPreset.swift */; };
		A0FA441C56D710B61B7F0848 /* DepthAdjustmentView.swift in Sources */ = {isa = PBXBuildFile; fileRef = EC3F1EDE4783A8B55793B936 /* DepthAdjustmentView.swift */; };
		A37CDEFE576607FC22F29374 /* island.png in Resources */ = {isa = PBXBuildFile; fileRef = 9263B4FC5C5B49CF8725BD9E /* island.png */; };
		A8A4D0BF0695ADABD82CA468 /* Model3DCaptureView.swift in Sources */ = {isa = PBXBuildFile; fileRef = DB68ECB9015EE612A6580A6B /* Model3DCaptureView.swift */; };
		A900928079C178B41476FEB4 /* StarsGenerator.swift in Sources */ = {isa = PBXBuildFile; fileRef = BEB97C2A1318FC85D083BC96 /* StarsGenerator.swift */; };
		AA11BB22CC33DD44EE55FF66 /* DepthPointCloudView.swift in Sources */ = {isa = PBXBuildFile; fileRef = 1122334455667788AABBCCDD /* DepthPointCloudView.swift */; };
		AABB002200000000000000B1 /* PlatformImage.swift in Sources */ = {isa = PBXBuildFile; fileRef = AABB001100000000000000F1 /* PlatformImage.swift */; };
		AABB002200000000000000B2 /* MacGenerationView.swift in Sources */ = {isa = PBXBuildFile; fileRef = AABB001100000000000000F2 /* MacGenerationView.swift */; };
		AABB002200000000000000B3 /* InspectorPanel.swift in Sources */ = {isa = PBXBuildFile; fileRef = AABB001100000000000000F3 /* InspectorPanel.swift */; };
		AABB002200000000000000B4 /* StereogramPNGDocument.swift in Sources */ = {isa = PBXBuildFile; fileRef = AABB001100000000000000F4 /* StereogramPNGDocument.swift */; };
		AABB002200000000000000B5 /* SceneCaptureSheet.swift in Sources */ = {isa = PBXBuildFile; fileRef = AABB001100000000000000F5 /* SceneCaptureSheet.swift */; };
		AEBAFC795CF8F030D81E5A2C /* ship.png in Resources */ = {isa = PBXBuildFile; fileRef = A0A1D85C6A9DA8B9F27F52D4 /* ship.png */; };
		B2AA6F7193CE877671C35BEA /* StereogramPattern.swift in Sources */ = {isa = PBXBuildFile; fileRef = 90E652343D35A88CBD7D3A71 /* StereogramPattern.swift */; };
		B394D032488248DCA5AF9660 /* DepthDenoising.swift in Sources */ = {isa = PBXBuildFile; fileRef = FE51659E487843EEA3E89C75 /* DepthDenoising.swift */; };
		B8E2806C35F141EA0F869442 /* head.png in Resources */ = {isa = PBXBuildFile; fileRef = 97ED3EFC75F0D38C6EF750F1 /* head.png */; };
		BB35C8599055CC164B1A8CF9 /* PerlinNoiseGenerator.swift in Sources */ = {isa = PBXBuildFile; fileRef = 5FB923FF7064124D3C075480 /* PerlinNoiseGenerator.swift */; };
		C90B42574E1CC704276DD6D9 /* Slide.usdz in Resources */ = {isa = PBXBuildFile; fileRef = 34ED0D1CA01A1214F45CD486 /* Slide.usdz */; };
		C9E764F78EF22CFBD74349B1 /* ProceduralPatternType.swift in Sources */ = {isa = PBXBuildFile; fileRef = D790B138C97CF59825E5578A /* ProceduralPatternType.swift */; };
		CA75A3F2EF65181EBF02B46F /* ToyBiplace.usdz in Resources */ = {isa = PBXBuildFile; fileRef = 0691D2C2F3AC3F55AC10860A /* ToyBiplace.usdz */; };
		CC4B01BB7ED743D719FA3B3D /* DepthWeaverApp.swift in Sources */ = {isa = PBXBuildFile; fileRef = F8C6FBCC776AE3380C7708F5 /* DepthWeaverApp.swift */; };
		CC584D29ABDD0249FCAC6A53 /* WorleyNoiseGenerator.swift in Sources */ = {isa = PBXBuildFile; fileRef = 78FD5454654F889708FF7B68 /* WorleyNoiseGenerator.swift */; };
		D59544A6ACACEB30E2CBDC5C /* LiDARCaptureView.swift in Sources */ = {isa = PBXBuildFile; fileRef = 4F7971B9A4F6354DD9BEDDA5 /* LiDARCaptureView.swift */; };
		D715819DB591DE698C790CB9 /* pattern-leaves.png in Resources */ = {isa = PBXBuildFile; fileRef = F39940A1CD468F053E83CB6D /* pattern-leaves.png */; };
		D73DE9D8853473303CEC3CBC /* DepthAnythingService.swift in Sources */ = {isa = PBXBuildFile; fileRef = BB485F2284A900947122EF73 /* DepthAnythingService.swift */; };
		D8802FE0A1A4E61CD2F2B739 /* pattern-clouds.png in Resources */ = {isa = PBXBuildFile; fileRef = FD30B46C7130E15C1C2578BA /* pattern-clouds.png */; };
		DC70269E4B89CFA7BA39E14E /* PhotoDepthViewModel.swift in Sources */ = {isa = PBXBuildFile; fileRef = 277A2A1DF7D580A94C29AAA6 /* PhotoDepthViewModel.swift */; };
		DE356B539E82BCF1798DD06E /* pattern-hexagons.png in Resources */ = {isa = PBXBuildFile; fileRef = 21787D60F94E5ED2DF277B92 /* pattern-hexagons.png */; };
		EB7B5384B99B6B9F9D803DE9 /* VoronoiGenerator.swift in Sources */ = {isa = PBXBuildFile; fileRef = EC0E66D06C5F38F312E2610B /* VoronoiGenerator.swift */; };
		EC8069FA9D2F16E0A6FC93EE /* hand.png in Resources */ = {isa = PBXBuildFile; fileRef = 258F06A305BFA8FE527C87DB /* hand.png */; };
		ED04ADD9C01C7054E0139839 /* LiDARCaptureViewModel.swift in Sources */ = {isa = PBXBuildFile; fileRef = 416C30FDB39F507C7360BE2D /* LiDARCaptureViewModel.swift */; };
		F414258614472E37ED2E3143 /* pattern-triangles.png in Resources */ = {isa = PBXBuildFile; fileRef = 2ACF127D10A2AF7522AF5D1A /* pattern-triangles.png */; };
		F652436F5180B007C54BAB61 /* SportsCar.usdz in Resources */ = {isa = PBXBuildFile; fileRef = EE9EFA1589578903E99EE261 /* SportsCar.usdz */; };
		F792C9764104A9F743123FC5 /* GenerationView.swift in Sources */ = {isa = PBXBuildFile; fileRef = E1C904A0AA6EED0E7FF9E2C3 /* GenerationView.swift */; };
		F80A2EF8BD814F17C3F23CA8 /* InfoPlist.xcstrings in Resources */ = {isa = PBXBuildFile; fileRef = 650FDFF65F6D228757CBF213 /* InfoPlist.xcstrings */; };
		FDA26BD0C461F1953BA27B55 /* tree.png in Resources */ = {isa = PBXBuildFile; fileRef = 1CF1E9467D8586682A245D3D /* tree.png */; };
/* End PBXBuildFile section */

/* Begin PBXFileReference section */
		0691D2C2F3AC3F55AC10860A /* ToyBiplace.usdz */ = {isa = PBXFileReference; lastKnownFileType = file.usdz; path = ToyBiplace.usdz; sourceTree = "<group>"; };
		1122334455667788AABBCCDD /* DepthPointCloudView.swift */ = {isa = PBXFileReference; lastKnownFileType = sourcecode.swift; path = DepthPointCloudView.swift; sourceTree = "<group>"; };
		12A6DB1F474AD6438DB0DE58 /* pattern-stars.png */ = {isa = PBXFileReference; lastKnownFileType = image.png; path = "pattern-stars.png"; sourceTree = "<group>"; };
		1408C6E371E060CBA4D10695 /* pattern-space.png */ = {isa = PBXFileReference; lastKnownFileType = image.png; path = "pattern-space.png"; sourceTree = "<group>"; };
		1700D06643974C2574354D6D /* pattern-foliage.png */ = {isa = PBXFileReference; lastKnownFileType = image.png; path = "pattern-foliage.png"; sourceTree = "<group>"; };
		179B87B4D79F5A8F9C7202E6 /* StereogramViewModel.swift */ = {isa = PBXFileReference; lastKnownFileType = sourcecode.swift; path = StereogramViewModel.swift; sourceTree = "<group>"; };
		198131F8FBD0C2141186411F /* Toilet.usdz */ = {isa = PBXFileReference; lastKnownFileType = file.usdz; path = Toilet.usdz; sourceTree = "<group>"; };
		1BB672EFAE1CC86586F759FA /* DepthWeaver.app */ = {isa = PBXFileReference; explicitFileType = wrapper.application; includeInIndex = 0; path = DepthWeaver.app; sourceTree = BUILT_PRODUCTS_DIR; };
		1CF1E9467D8586682A245D3D /* tree.png */ = {isa = PBXFileReference; lastKnownFileType = image.png; path = tree.png; sourceTree = "<group>"; };
		1D6924AD86DA5C16628A3CEE /* ToyCar.usdz */ = {isa = PBXFileReference; lastKnownFileType = file.usdz; path = ToyCar.usdz; sourceTree = "<group>"; };
		211C3036F80743386EEC264C /* DepthMap.swift */ = {isa = PBXFileReference; lastKnownFileType = sourcecode.swift; path = DepthMap.swift; sourceTree = "<group>"; };
		21787D60F94E5ED2DF277B92 /* pattern-hexagons.png */ = {isa = PBXFileReference; lastKnownFileType = image.png; path = "pattern-hexagons.png"; sourceTree = "<group>"; };
		258F06A305BFA8FE527C87DB /* hand.png */ = {isa = PBXFileReference; lastKnownFileType = image.png; path = hand.png; sourceTree = "<group>"; };
		277A2A1DF7D580A94C29AAA6 /* PhotoDepthViewModel.swift */ = {isa = PBXFileReference; lastKnownFileType = sourcecode.swift; path = PhotoDepthViewModel.swift; sourceTree = "<group>"; };
		2ACF127D10A2AF7522AF5D1A /* pattern-triangles.png */ = {isa = PBXFileReference; lastKnownFileType = image.png; path = "pattern-triangles.png"; sourceTree = "<group>"; };
		2D8759BECD4285140A7241D1 /* Chameleon.usdz */ = {isa = PBXFileReference; lastKnownFileType = file.usdz; path = Chameleon.usdz; sourceTree = "<group>"; };
		322AA5DB0C9DF9BD6DF0FC28 /* Model3DCaptureViewModel.swift */ = {isa = PBXFileReference; lastKnownFileType = sourcecode.swift; path = Model3DCaptureViewModel.swift; sourceTree = "<group>"; };
		34ED0D1CA01A1214F45CD486 /* Slide.usdz */ = {isa = PBXFileReference; lastKnownFileType = file.usdz; path = Slide.usdz; sourceTree = "<group>"; };
		3A9FB28B5E8D7F42FF1C7AC8 /* StereogramSettings.swift */ = {isa = PBXFileReference; lastKnownFileType = sourcecode.swift; path = StereogramSettings.swift; sourceTree = "<group>"; };
		4067757B620C8CDDE603B2DF /* DepthAnythingV2SmallF16.mlpackage */ = {isa = PBXFileReference; lastKnownFileType = folder.mlpackage; path = DepthAnythingV2SmallF16.mlpackage; sourceTree = "<group>"; };
		414DD9BF6E3502640E6E087F /* pattern-noise.png */ = {isa = PBXFileReference; lastKnownFileType = image.png; path = "pattern-noise.png"; sourceTree = "<group>"; };
		416C30FDB39F507C7360BE2D /* LiDARCaptureViewModel.swift */ = {isa = PBXFileReference; lastKnownFileType = sourcecode.swift; path = LiDARCaptureViewModel.swift; sourceTree = "<group>"; };
		43178D9F2FA2A303006F6DCB /* ScanPasses-iPad-FixedHeight-1.mp4 */ = {isa = PBXFileReference; lastKnownFileType = file; path = "ScanPasses-iPad-FixedHeight-1.mp4"; sourceTree = "<group>"; };
		43178DA02FA2A303006F6DCB /* ScanPasses-iPad-FixedHeight-2.mp4 */ = {isa = PBXFileReference; lastKnownFileType = file; path = "ScanPasses-iPad-FixedHeight-2.mp4"; sourceTree = "<group>"; };
		43178DA12FA2A303006F6DCB /* ScanPasses-iPad-FixedHeight-3.mp4 */ = {isa = PBXFileReference; lastKnownFileType = file; path = "ScanPasses-iPad-FixedHeight-3.mp4"; sourceTree = "<group>"; };
		43178DA22FA2A303006F6DCB /* ScanPasses-iPad-FixedHeight-unflippable-high.mp4 */ = {isa = PBXFileReference; lastKnownFileType = file; path = "ScanPasses-iPad-FixedHeight-unflippable-high.mp4"; sourceTree = "<group>"; };
		43178DA32FA2A303006F6DCB /* ScanPasses-iPad-FixedHeight-unflippable-low.mp4 */ = {isa = PBXFileReference; lastKnownFileType = file; path = "ScanPasses-iPad-FixedHeight-unflippable-low.mp4"; sourceTree = "<group>"; };
		43178DA42FA2A303006F6DCB /* ScanPasses-iPhone-FixedHeight-1.mp4 */ = {isa = PBXFileReference; lastKnownFileType = file; path = "ScanPasses-iPhone-FixedHeight-1.mp4"; sourceTree = "<group>"; };
		43178DA52FA2A303006F6DCB /* ScanPasses-iPhone-FixedHeight-2.mp4 */ = {isa = PBXFileReference; lastKnownFileType = file; path = "ScanPasses-iPhone-FixedHeight-2.mp4"; sourceTree = "<group>"; };
		43178DA62FA2A303006F6DCB /* ScanPasses-iPhone-FixedHeight-3.mp4 */ = {isa = PBXFileReference; lastKnownFileType = file; path = "ScanPasses-iPhone-FixedHeight-3.mp4"; sourceTree = "<group>"; };
		43178DA72FA2A303006F6DCB /* ScanPasses-iPhone-FixedHeight-unflippable-high.mp4 */ = {isa = PBXFileReference; lastKnownFileType = file; path = "ScanPasses-iPhone-FixedHeight-unflippable-high.mp4"; sourceTree = "<group>"; };
		43178DA82FA2A303006F6DCB /* ScanPasses-iPhone-FixedHeight-unflippable-low.mp4 */ = {isa = PBXFileReference; lastKnownFileType = file; path = "ScanPasses-iPhone-FixedHeight-unflippable-low.mp4"; sourceTree = "<group>"; };
		43178DAA2FA2A303006F6DCB /* CaptureFolderManager.swift */ = {isa = PBXFileReference; lastKnownFileType = sourcecode.swift; path = CaptureFolderManager.swift; sourceTree = "<group>"; };
		43178DAB2FA2A303006F6DCB /* CaptureOverlayView.swift */ = {isa = PBXFileReference; lastKnownFileType = sourcecode.swift; path = CaptureOverlayView.swift; sourceTree = "<group>"; };
		43178DAC2FA2A303006F6DCB /* CaptureOverlayView+Buttons.swift */ = {isa = PBXFileReference; lastKnownFileType = sourcecode.swift; path = "CaptureOverlayView+Buttons.swift"; sourceTree = "<group>"; };
		43178DAD2FA2A303006F6DCB /* CaptureOverlayView+LocalizedString.swift */ = {isa = PBXFileReference; lastKnownFileType = sourcecode.swift; path = "CaptureOverlayView+LocalizedString.swift"; sourceTree = "<group>"; };
		43178DAE2FA2A303006F6DCB /* CapturePrimaryView.swift */ = {isa = PBXFileReference; lastKnownFileType = sourcecode.swift; path = CapturePrimaryView.swift; sourceTree = "<group>"; };
		43178DAF2FA2A303006F6DCB /* FeedbackMessages.swift */ = {isa = PBXFileReference; lastKnownFileType = sourcecode.swift; path = FeedbackMessages.swift; sourceTree = "<group>"; };
		43178DB02FA2A303006F6DCB /* FeedbackView.swift */ = {isa = PBXFileReference; lastKnownFileType = sourcecode.swift; path = FeedbackView.swift; sourceTree = "<group>"; };
		43178DB12FA2A303006F6DCB /* GuidedCaptureModel.swift */ = {isa = PBXFileReference; lastKnownFileType = sourcecode.swift; path = GuidedCaptureModel.swift; sourceTree = "<group>"; };
		43178DB22FA2A303006F6DCB /* GuidedCaptureModel+Orbit.swift */ = {isa = PBXFileReference; lastKnownFileType = sourcecode.swift; path = "GuidedCaptureModel+Orbit.swift"; sourceTree = "<group>"; };
		43178DB32FA2A303006F6DCB /* GuidedCaptureModel+State.swift */ = {isa = PBXFileReference; lastKnownFileType = sourcecode.swift; path = "GuidedCaptureModel+State.swift"; sourceTree = "<group>"; };
		43178DB42FA2A303006F6DCB /* GuidedCaptureRootView.swift */ = {isa = PBXFileReference; lastKnownFileType = sourcecode.swift; path = GuidedCaptureRootView.swift; sourceTree = "<group>"; };
		43178DB52FA2A303006F6DCB /* HelpPageView.swift */ = {isa = PBXFileReference; lastKnownFileType = sourcecode.swift; path = HelpPageView.swift; sourceTree = "<group>"; };
		43178DB62FA2A303006F6DCB /* ModelView.swift */ = {isa = PBXFileReference; lastKnownFileType = sourcecode.swift; path = ModelView.swift; sourceTree = "<group>"; };
		43178DB72FA2A303006F6DCB /* OnboardingButtonView.swift */ = {isa = PBXFileReference; lastKnownFileType = sourcecode.swift; path = OnboardingButtonView.swift; sourceTree = "<group>"; };
		43178DB82FA2A303006F6DCB /* OnboardingButtonView+LocalizedString.swift */ = {isa = PBXFileReference; lastKnownFileType = sourcecode.swift; path = "OnboardingButtonView+LocalizedString.swift"; sourceTree = "<group>"; };
		43178DB92FA2A303006F6DCB /* OnboardingStateMachine.swift */ = {isa = PBXFileReference; lastKnownFileType = sourcecode.swift; path = OnboardingStateMachine.swift; sourceTree = "<group>"; };
		43178DBA2FA2A303006F6DCB /* OnboardingTutorialView.swift */ = {isa = PBXFileReference; lastKnownFileType = sourcecode.swift; path = OnboardingTutorialView.swift; sourceTree = "<group>"; };
		43178DBB2FA2A303006F6DCB /* OnboardingTutorialView+LocalizedString.swift */ = {isa = PBXFileReference; lastKnownFileType = sourcecode.swift; path = "OnboardingTutorialView+LocalizedString.swift"; sourceTree = "<group>"; };
		43178DBC2FA2A303006F6DCB /* OnboardingView.swift */ = {isa = PBXFileReference; lastKnownFileType = sourcecode.swift; path = OnboardingView.swift; sourceTree = "<group>"; };
		43178DBD2FA2A303006F6DCB /* PlayerView.swift */ = {isa = PBXFileReference; lastKnownFileType = sourcecode.swift; path = PlayerView.swift; sourceTree = "<group>"; };
		43178DBE2FA2A303006F6DCB /* ProgressBarView.swift */ = {isa = PBXFileReference; lastKnownFileType = sourcecode.swift; path = ProgressBarView.swift; sourceTree = "<group>"; };
		43178DBF2FA2A303006F6DCB /* ReconstructionPrimaryView.swift */ = {isa = PBXFileReference; lastKnownFileType = sourcecode.swift; path = ReconstructionPrimaryView.swift; sourceTree = "<group>"; };
		43178DC02FA2A303006F6DCB /* ShotFileInfo.swift */ = {isa = PBXFileReference; lastKnownFileType = sourcecode.swift; path = ShotFileInfo.swift; sourceTree = "<group>"; };
		43178DC12FA2A303006F6DCB /* TimedMessageList.swift */ = {isa = PBXFileReference; lastKnownFileType = sourcecode.swift; path = TimedMessageList.swift; sourceTree = "<group>"; };
		43178DC22FA2A303006F6DCB /* TutorialVideoView.swift */ = {isa = PBXFileReference; lastKnownFileType = sourcecode.swift; path = TutorialVideoView.swift; sourceTree = "<group>"; };
		43178DC32FA2A303006F6DCB /* UntilProcessingCompleteFilter.swift */ = {isa = PBXFileReference; lastKnownFileType = sourcecode.swift; path = UntilProcessingCompleteFilter.swift; sourceTree = "<group>"; };
		43178DEA2FA2A336006F6DCB /* CapturedModelLibrary.swift */ = {isa = PBXFileReference; lastKnownFileType = sourcecode.swift; path = CapturedModelLibrary.swift; sourceTree = "<group>"; };
		43178DEC2FA2A3E4006F6DCB /* NameCaptureSheet.swift */ = {isa = PBXFileReference; lastKnownFileType = sourcecode.swift; path = NameCaptureSheet.swift; sourceTree = "<group>"; };
		43178DEE2FA7F17A006F6DCB /* AppIcon.icon */ = {isa = PBXFileReference; lastKnownFileType = folder.iconcomposer.icon; path = AppIcon.icon; sourceTree = "<group>"; };
		433E7A8BB2FADAC22E0A21BF /* Model3DLoader.swift */ = {isa = PBXFileReference; lastKnownFileType = sourcecode.swift; path = Model3DLoader.swift; sourceTree = "<group>"; };
		43539DC52FA11E4B0036C10E /* Assets.xcassets */ = {isa = PBXFileReference; lastKnownFileType = folder.assetcatalog; path = Assets.xcassets; sourceTree = "<group>"; };
		453EBEAF23405B7B7BDDDC0C /* PatternSource.swift */ = {isa = PBXFileReference; lastKnownFileType = sourcecode.swift; path = PatternSource.swift; sourceTree = "<group>"; };
		488C2567AE57C46B8C0CCBAA /* Model3DDepthRenderer.swift */ = {isa = PBXFileReference; lastKnownFileType = sourcecode.swift; path = Model3DDepthRenderer.swift; sourceTree = "<group>"; };
		4AB63A790621C79B3BD1F82B /* LiDARDepthService.swift */ = {isa = PBXFileReference; lastKnownFileType = sourcecode.swift; path = LiDARDepthService.swift; sourceTree = "<group>"; };
		4EE8194155949D810C41F7A0 /* RandomDotGenerator.swift */ = {isa = PBXFileReference; lastKnownFileType = sourcecode.swift; path = RandomDotGenerator.swift; sourceTree = "<group>"; };
		4F7971B9A4F6354DD9BEDDA5 /* LiDARCaptureView.swift */ = {isa = PBXFileReference; lastKnownFileType = sourcecode.swift; path = LiDARCaptureView.swift; sourceTree = "<group>"; };
		52397B838840B3784FB9BCE0 /* CIImage+Extensions.swift */ = {isa = PBXFileReference; lastKnownFileType = sourcecode.swift; path = "CIImage+Extensions.swift"; sourceTree = "<group>"; };
		5822C001567595BA9A4171EE /* pattern-wallpaper.png */ = {isa = PBXFileReference; lastKnownFileType = image.png; path = "pattern-wallpaper.png"; sourceTree = "<group>"; };
		5FB923FF7064124D3C075480 /* PerlinNoiseGenerator.swift */ = {isa = PBXFileReference; lastKnownFileType = sourcecode.swift; path = PerlinNoiseGenerator.swift; sourceTree = "<group>"; };
		60C0BD72E6379456B99D701E /* PatternPreviewViewModel.swift */ = {isa = PBXFileReference; lastKnownFileType = sourcecode.swift; path = PatternPreviewViewModel.swift; sourceTree = "<group>"; };
		6411A4DE9E8EEC20AEDB004B /* thumbs-up.png */ = {isa = PBXFileReference; lastKnownFileType = image.png; path = "thumbs-up.png"; sourceTree = "<group>"; };
		64C28E0450959D70F83ECAEA /* dolphin.png */ = {isa = PBXFileReference; lastKnownFileType = image.png; path = dolphin.png; sourceTree = "<group>"; };
		650FDFF65F6D228757CBF213 /* InfoPlist.xcstrings */ = {isa = PBXFileReference; lastKnownFileType = text.json.xcstrings; path = InfoPlist.xcstrings; sourceTree = "<group>"; };
		65F76D55F9DF026A2482772B /* pattern-mosaic.png */ = {isa = PBXFileReference; lastKnownFileType = image.png; path = "pattern-mosaic.png"; sourceTree = "<group>"; };
		6AA15464A001A6C4045A267B /* car.png */ = {isa = PBXFileReference; lastKnownFileType = image.png; path = car.png; sourceTree = "<group>"; };
		7146F3F1A17C29C0CF399D77 /* DepthMapPreset.swift */ = {isa = PBXFileReference; lastKnownFileType = sourcecode.swift; path = DepthMapPreset.swift; sourceTree = "<group>"; };
		723C49A475CFE536CC329EFF /* StereogramResultView.swift */ = {isa = PBXFileReference; lastKnownFileType = sourcecode.swift; path = StereogramResultView.swift; sourceTree = "<group>"; };
		78FD5454654F889708FF7B68 /* WorleyNoiseGenerator.swift */ = {isa = PBXFileReference; lastKnownFileType = sourcecode.swift; path = WorleyNoiseGenerator.swift; sourceTree = "<group>"; };
		79AF8C56DE8E7253760ED4F9 /* pattern-giraffe.png */ = {isa = PBXFileReference; lastKnownFileType = image.png; path = "pattern-giraffe.png"; sourceTree = "<group>"; };
		8147331644D902CEC7C53F14 /* Model3DPreset.swift */ = {isa = PBXFileReference; lastKnownFileType = sourcecode.swift; path = Model3DPreset.swift; sourceTree = "<group>"; };
		81805564F006605D94017849 /* generate_patterns.py */ = {isa = PBXFileReference; lastKnownFileType = text.script.python; path = generate_patterns.py; sourceTree = "<group>"; };
		88AD0604DC6384DBBE907098 /* dog.png */ = {isa = PBXFileReference; lastKnownFileType = image.png; path = dog.png; sourceTree = "<group>"; };
		90E652343D35A88CBD7D3A71 /* StereogramPattern.swift */ = {isa = PBXFileReference; lastKnownFileType = sourcecode.swift; path = StereogramPattern.swift; sourceTree = "<group>"; };
		9263B4FC5C5B49CF8725BD9E /* island.png */ = {isa = PBXFileReference; lastKnownFileType = image.png; path = island.png; sourceTree = "<group>"; };
		958555080B93885E58B07D46 /* ProceduralParamsView.swift */ = {isa = PBXFileReference; lastKnownFileType = sourcecode.swift; path = ProceduralParamsView.swift; sourceTree = "<group>"; };
		97ED3EFC75F0D38C6EF750F1 /* head.png */ = {isa = PBXFileReference; lastKnownFileType = image.png; path = head.png; sourceTree = "<group>"; };
		A04390DE6584400B9F04015A /* DepthMapDenoiser.swift */ = {isa = PBXFileReference; lastKnownFileType = sourcecode.swift; path = DepthMapDenoiser.swift; sourceTree = "<group>"; };
		A0A1D85C6A9DA8B9F27F52D4 /* ship.png */ = {isa = PBXFileReference; lastKnownFileType = image.png; path = ship.png; sourceTree = "<group>"; };
		A2A3D20A06B30949D0623B83 /* ReactionDiffusionGenerator.swift */ = {isa = PBXFileReference; lastKnownFileType = sourcecode.swift; path = ReactionDiffusionGenerator.swift; sourceTree = "<group>"; };
		AABB001100000000000000F1 /* PlatformImage.swift */ = {isa = PBXFileReference; lastKnownFileType = sourcecode.swift; path = PlatformImage.swift; sourceTree = "<group>"; };
		AABB001100000000000000F2 /* MacGenerationView.swift */ = {isa = PBXFileReference; lastKnownFileType = sourcecode.swift; path = MacGenerationView.swift; sourceTree = "<group>"; };
		AABB001100000000000000F3 /* InspectorPanel.swift */ = {isa = PBXFileReference; lastKnownFileType = sourcecode.swift; path = InspectorPanel.swift; sourceTree = "<group>"; };
		AABB001100000000000000F4 /* StereogramPNGDocument.swift */ = {isa = PBXFileReference; lastKnownFileType = sourcecode.swift; path = StereogramPNGDocument.swift; sourceTree = "<group>"; };
		AABB001100000000000000F5 /* SceneCaptureSheet.swift */ = {isa = PBXFileReference; lastKnownFileType = sourcecode.swift; path = SceneCaptureSheet.swift; sourceTree = "<group>"; };
		AABB001100000000000000F6 /* DepthWeaver.macOS.entitlements */ = {isa = PBXFileReference; lastKnownFileType = text.plist.entitlements; path = DepthWeaver.macOS.entitlements; sourceTree = "<group>"; };
		B7EEAFCAFDE8E19EE1239637 /* pattern-circles.png */ = {isa = PBXFileReference; lastKnownFileType = image.png; path = "pattern-circles.png"; sourceTree = "<group>"; };
		BB485F2284A900947122EF73 /* DepthAnythingService.swift */ = {isa = PBXFileReference; lastKnownFileType = sourcecode.swift; path = DepthAnythingService.swift; sourceTree = "<group>"; };
		BEB97C2A1318FC85D083BC96 /* StarsGenerator.swift */ = {isa = PBXFileReference; lastKnownFileType = sourcecode.swift; path = StarsGenerator.swift; sourceTree = "<group>"; };
		C617E7FB146F4305FC0F5D94 /* DepthAdjustment.swift */ = {isa = PBXFileReference; lastKnownFileType = sourcecode.swift; path = DepthAdjustment.swift; sourceTree = "<group>"; };
		CD4487180301295040A16E47 /* pattern-dots.png */ = {isa = PBXFileReference; lastKnownFileType = image.png; path = "pattern-dots.png"; sourceTree = "<group>"; };
		CF87D1645D6A296BDD2B89AD /* sphinx.png */ = {isa = PBXFileReference; lastKnownFileType = image.png; path = sphinx.png; sourceTree = "<group>"; };
		D24646BE511AA16BC01A8D12 /* planet.png */ = {isa = PBXFileReference; lastKnownFileType = image.png; path = planet.png; sourceTree = "<group>"; };
		D790B138C97CF59825E5578A /* ProceduralPatternType.swift */ = {isa = PBXFileReference; lastKnownFileType = sourcecode.swift; path = ProceduralPatternType.swift; sourceTree = "<group>"; };
		DB68ECB9015EE612A6580A6B /* Model3DCaptureView.swift */ = {isa = PBXFileReference; lastKnownFileType = sourcecode.swift; path = Model3DCaptureView.swift; sourceTree = "<group>"; };
		DDA8A41F033EB0A35B892BD2 /* pattern-stones.png */ = {isa = PBXFileReference; lastKnownFileType = image.png; path = "pattern-stones.png"; sourceTree = "<group>"; };
		E1C904A0AA6EED0E7FF9E2C3 /* GenerationView.swift */ = {isa = PBXFileReference; lastKnownFileType = sourcecode.swift; path = GenerationView.swift; sourceTree = "<group>"; };
		E3F1A2F6465330BCCBE73A38 /* ContentView.swift */ = {isa = PBXFileReference; lastKnownFileType = sourcecode.swift; path = ContentView.swift; sourceTree = "<group>"; };
		E8B569D42D7D1DC2CA0FFC61 /* StereogramGenerator.swift */ = {isa = PBXFileReference; lastKnownFileType = sourcecode.swift; path = StereogramGenerator.swift; sourceTree = "<group>"; };
		EC0E66D06C5F38F312E2610B /* VoronoiGenerator.swift */ = {isa = PBXFileReference; lastKnownFileType = sourcecode.swift; path = VoronoiGenerator.swift; sourceTree = "<group>"; };
		EC3F1EDE4783A8B55793B936 /* DepthAdjustmentView.swift */ = {isa = PBXFileReference; lastKnownFileType = sourcecode.swift; path = DepthAdjustmentView.swift; sourceTree = "<group>"; };
		EE9EFA1589578903E99EE261 /* SportsCar.usdz */ = {isa = PBXFileReference; lastKnownFileType = file.usdz; path = SportsCar.usdz; sourceTree = "<group>"; };
		F39940A1CD468F053E83CB6D /* pattern-leaves.png */ = {isa = PBXFileReference; lastKnownFileType = image.png; path = "pattern-leaves.png"; sourceTree = "<group>"; };
		F8C6FBCC776AE3380C7708F5 /* DepthWeaverApp.swift */ = {isa = PBXFileReference; lastKnownFileType = sourcecode.swift; path = DepthWeaverApp.swift; sourceTree = "<group>"; };
		FB18E5489B15635A44FDC031 /* atomium.png */ = {isa = PBXFileReference; lastKnownFileType = image.png; path = atomium.png; sourceTree = "<group>"; };
		FD30B46C7130E15C1C2578BA /* pattern-clouds.png */ = {isa = PBXFileReference; lastKnownFileType = image.png; path = "pattern-clouds.png"; sourceTree = "<group>"; };
		FDD46A613A9E670F3E272D91 /* Localizable.xcstrings */ = {isa = PBXFileReference; lastKnownFileType = text.json.xcstrings; path = Localizable.xcstrings; sourceTree = "<group>"; };
		FE0A4CF7299EAABDE56E7A55 /* PatternGenerator.swift */ = {isa = PBXFileReference; lastKnownFileType = sourcecode.swift; path = PatternGenerator.swift; sourceTree = "<group>"; };
		FE51659E487843EEA3E89C75 /* DepthDenoising.swift */ = {isa = PBXFileReference; lastKnownFileType = sourcecode.swift; path = DepthDenoising.swift; sourceTree = "<group>"; };
/* End PBXFileReference section */

/* Begin PBXGroup section */
		0581E1EA924E7B31785D944B /* HeightMaps */ = {
			isa = PBXGroup;
			children = (
				FB18E5489B15635A44FDC031 /* atomium.png */,
				6AA15464A001A6C4045A267B /* car.png */,
				88AD0604DC6384DBBE907098 /* dog.png */,
				64C28E0450959D70F83ECAEA /* dolphin.png */,
				258F06A305BFA8FE527C87DB /* hand.png */,
				97ED3EFC75F0D38C6EF750F1 /* head.png */,
				9263B4FC5C5B49CF8725BD9E /* island.png */,
				D24646BE511AA16BC01A8D12 /* planet.png */,
				A0A1D85C6A9DA8B9F27F52D4 /* ship.png */,
				CF87D1645D6A296BDD2B89AD /* sphinx.png */,
				6411A4DE9E8EEC20AEDB004B /* thumbs-up.png */,
				1CF1E9467D8586682A245D3D /* tree.png */,
			);
			path = HeightMaps;
			sourceTree = "<group>";
		};
		1BC9D8733F26C289653586DE /* Services */ = {
			isa = PBXGroup;
			children = (
				BB485F2284A900947122EF73 /* DepthAnythingService.swift */,
				A04390DE6584400B9F04015A /* DepthMapDenoiser.swift */,
				4AB63A790621C79B3BD1F82B /* LiDARDepthService.swift */,
				433E7A8BB2FADAC22E0A21BF /* Model3DLoader.swift */,
				488C2567AE57C46B8C0CCBAA /* Model3DDepthRenderer.swift */,
				E8B569D42D7D1DC2CA0FFC61 /* StereogramGenerator.swift */,
				630041FF966306E94E84AF0B /* Generators */,
				43178DEA2FA2A336006F6DCB /* CapturedModelLibrary.swift */,
			);
			path = Services;
			sourceTree = "<group>";
		};
		3001F8C8121D22541EE7F697 /* Products */ = {
			isa = PBXGroup;
			children = (
				1BB672EFAE1CC86586F759FA /* DepthWeaver.app */,
			);
			name = Products;
			sourceTree = "<group>";
		};
		43178DA92FA2A303006F6DCB /* Resources */ = {
			isa = PBXGroup;
			children = (
				43178D9F2FA2A303006F6DCB /* ScanPasses-iPad-FixedHeight-1.mp4 */,
				43178DA02FA2A303006F6DCB /* ScanPasses-iPad-FixedHeight-2.mp4 */,
				43178DA12FA2A303006F6DCB /* ScanPasses-iPad-FixedHeight-3.mp4 */,
				43178DA22FA2A303006F6DCB /* ScanPasses-iPad-FixedHeight-unflippable-high.mp4 */,
				43178DA32FA2A303006F6DCB /* ScanPasses-iPad-FixedHeight-unflippable-low.mp4 */,
				43178DA42FA2A303006F6DCB /* ScanPasses-iPhone-FixedHeight-1.mp4 */,
				43178DA52FA2A303006F6DCB /* ScanPasses-iPhone-FixedHeight-2.mp4 */,
				43178DA62FA2A303006F6DCB /* ScanPasses-iPhone-FixedHeight-3.mp4 */,
				43178DA72FA2A303006F6DCB /* ScanPasses-iPhone-FixedHeight-unflippable-high.mp4 */,
				43178DA82FA2A303006F6DCB /* ScanPasses-iPhone-FixedHeight-unflippable-low.mp4 */,
			);
			path = Resources;
			sourceTree = "<group>";
		};
		43178DC42FA2A303006F6DCB /* GuidedCapture */ = {
			isa = PBXGroup;
			children = (
				43178DA92FA2A303006F6DCB /* Resources */,
				43178DAA2FA2A303006F6DCB /* CaptureFolderManager.swift */,
				43178DAB2FA2A303006F6DCB /* CaptureOverlayView.swift */,
				43178DAC2FA2A303006F6DCB /* CaptureOverlayView+Buttons.swift */,
				43178DAD2FA2A303006F6DCB /* CaptureOverlayView+LocalizedString.swift */,
				43178DAE2FA2A303006F6DCB /* CapturePrimaryView.swift */,
				43178DAF2FA2A303006F6DCB /* FeedbackMessages.swift */,
				43178DB02FA2A303006F6DCB /* FeedbackView.swift */,
				43178DB12FA2A303006F6DCB /* GuidedCaptureModel.swift */,
				43178DB22FA2A303006F6DCB /* GuidedCaptureModel+Orbit.swift */,
				43178DB32FA2A303006F6DCB /* GuidedCaptureModel+State.swift */,
				43178DB42FA2A303006F6DCB /* GuidedCaptureRootView.swift */,
				43178DB52FA2A303006F6DCB /* HelpPageView.swift */,
				43178DB62FA2A303006F6DCB /* ModelView.swift */,
				43178DB72FA2A303006F6DCB /* OnboardingButtonView.swift */,
				43178DB82FA2A303006F6DCB /* OnboardingButtonView+LocalizedString.swift */,
				43178DB92FA2A303006F6DCB /* OnboardingStateMachine.swift */,
				43178DBA2FA2A303006F6DCB /* OnboardingTutorialView.swift */,
				43178DBB2FA2A303006F6DCB /* OnboardingTutorialView+LocalizedString.swift */,
				43178DBC2FA2A303006F6DCB /* OnboardingView.swift */,
				43178DBD2FA2A303006F6DCB /* PlayerView.swift */,
				43178DBE2FA2A303006F6DCB /* ProgressBarView.swift */,
				43178DBF2FA2A303006F6DCB /* ReconstructionPrimaryView.swift */,
				43178DC02FA2A303006F6DCB /* ShotFileInfo.swift */,
				43178DC12FA2A303006F6DCB /* TimedMessageList.swift */,
				43178DC22FA2A303006F6DCB /* TutorialVideoView.swift */,
				43178DC32FA2A303006F6DCB /* UntilProcessingCompleteFilter.swift */,
			);
			path = GuidedCapture;
			sourceTree = "<group>";
		};
		43178DC52FA2A303006F6DCB /* Features */ = {
			isa = PBXGroup;
			children = (
				43178DC42FA2A303006F6DCB /* GuidedCapture */,
			);
			path = Features;
			sourceTree = "<group>";
		};
		5308BFA56B25D32683A8D929 /* Resources */ = {
			isa = PBXGroup;
			children = (
				43539DC52FA11E4B0036C10E /* Assets.xcassets */,
				4067757B620C8CDDE603B2DF /* DepthAnythingV2SmallF16.mlpackage */,
				650FDFF65F6D228757CBF213 /* InfoPlist.xcstrings */,
				FDD46A613A9E670F3E272D91 /* Localizable.xcstrings */,
				0581E1EA924E7B31785D944B /* HeightMaps */,
				9A9F92E55646ADD1ADF72E3B /* Models3D */,
				8C491BF38FCC5614F6571E8F /* Patterns */,
				43178DEE2FA7F17A006F6DCB /* AppIcon.icon */,
			);
			path = Resources;
			sourceTree = "<group>";
		};
		5BF9233648C6DF1E30BB12BD /* Views */ = {
			isa = PBXGroup;
			children = (
				EC3F1EDE4783A8B55793B936 /* DepthAdjustmentView.swift */,
				1122334455667788AABBCCDD /* DepthPointCloudView.swift */,
				E1C904A0AA6EED0E7FF9E2C3 /* GenerationView.swift */,
				4F7971B9A4F6354DD9BEDDA5 /* LiDARCaptureView.swift */,
				DB68ECB9015EE612A6580A6B /* Model3DCaptureView.swift */,
				958555080B93885E58B07D46 /* ProceduralParamsView.swift */,
				723C49A475CFE536CC329EFF /* StereogramResultView.swift */,
				43178DEC2FA2A3E4006F6DCB /* NameCaptureSheet.swift */,
				AABB001100000000000000F7 /* Mac */,
			);
			path = Views;
			sourceTree = "<group>";
		};
		5FCA0BE3773687F71872EFA2 /* ViewModels */ = {
			isa = PBXGroup;
			children = (
				416C30FDB39F507C7360BE2D /* LiDARCaptureViewModel.swift */,
				322AA5DB0C9DF9BD6DF0FC28 /* Model3DCaptureViewModel.swift */,
				60C0BD72E6379456B99D701E /* PatternPreviewViewModel.swift */,
				277A2A1DF7D580A94C29AAA6 /* PhotoDepthViewModel.swift */,
				179B87B4D79F5A8F9C7202E6 /* StereogramViewModel.swift */,
			);
			path = ViewModels;
			sourceTree = "<group>";
		};
		630041FF966306E94E84AF0B /* Generators */ = {
			isa = PBXGroup;
			children = (
				FE0A4CF7299EAABDE56E7A55 /* PatternGenerator.swift */,
				5FB923FF7064124D3C075480 /* PerlinNoiseGenerator.swift */,
				4EE8194155949D810C41F7A0 /* RandomDotGenerator.swift */,
				A2A3D20A06B30949D0623B83 /* ReactionDiffusionGenerator.swift */,
				BEB97C2A1318FC85D083BC96 /* StarsGenerator.swift */,
				EC0E66D06C5F38F312E2610B /* VoronoiGenerator.swift */,
				78FD5454654F889708FF7B68 /* WorleyNoiseGenerator.swift */,
			);
			path = Generators;
			sourceTree = "<group>";
		};
		8C491BF38FCC5614F6571E8F /* Patterns */ = {
			isa = PBXGroup;
			children = (
				81805564F006605D94017849 /* generate_patterns.py */,
				B7EEAFCAFDE8E19EE1239637 /* pattern-circles.png */,
				FD30B46C7130E15C1C2578BA /* pattern-clouds.png */,
				CD4487180301295040A16E47 /* pattern-dots.png */,
				1700D06643974C2574354D6D /* pattern-foliage.png */,
				79AF8C56DE8E7253760ED4F9 /* pattern-giraffe.png */,
				21787D60F94E5ED2DF277B92 /* pattern-hexagons.png */,
				F39940A1CD468F053E83CB6D /* pattern-leaves.png */,
				65F76D55F9DF026A2482772B /* pattern-mosaic.png */,
				414DD9BF6E3502640E6E087F /* pattern-noise.png */,
				1408C6E371E060CBA4D10695 /* pattern-space.png */,
				12A6DB1F474AD6438DB0DE58 /* pattern-stars.png */,
				DDA8A41F033EB0A35B892BD2 /* pattern-stones.png */,
				2ACF127D10A2AF7522AF5D1A /* pattern-triangles.png */,
				5822C001567595BA9A4171EE /* pattern-wallpaper.png */,
			);
			path = Patterns;
			sourceTree = "<group>";
		};
		9A9F92E55646ADD1ADF72E3B /* Models3D */ = {
			isa = PBXGroup;
			children = (
				2D8759BECD4285140A7241D1 /* Chameleon.usdz */,
				34ED0D1CA01A1214F45CD486 /* Slide.usdz */,
				EE9EFA1589578903E99EE261 /* SportsCar.usdz */,
				198131F8FBD0C2141186411F /* Toilet.usdz */,
				0691D2C2F3AC3F55AC10860A /* ToyBiplace.usdz */,
				1D6924AD86DA5C16628A3CEE /* ToyCar.usdz */,
			);
			path = Models3D;
			sourceTree = "<group>";
		};
		A6990BF00C0B9F56D348F8D4 = {
			isa = PBXGroup;
			children = (
				AE1E7110E85D23BA6409F5E8 /* DepthWeaver */,
				3001F8C8121D22541EE7F697 /* Products */,
			);
			sourceTree = "<group>";
		};
		A869D295D48B0091CFAE26BE /* Extensions */ = {
			isa = PBXGroup;
			children = (
				52397B838840B3784FB9BCE0 /* CIImage+Extensions.swift */,
				AABB001100000000000000F1 /* PlatformImage.swift */,
			);
			path = Extensions;
			sourceTree = "<group>";
		};
		AABB001100000000000000F7 /* Mac */ = {
			isa = PBXGroup;
			children = (
				AABB001100000000000000F2 /* MacGenerationView.swift */,
				AABB001100000000000000F3 /* InspectorPanel.swift */,
				AABB001100000000000000F4 /* StereogramPNGDocument.swift */,
				AABB001100000000000000F5 /* SceneCaptureSheet.swift */,
			);
			path = Mac;
			sourceTree = "<group>";
		};
		AE1E7110E85D23BA6409F5E8 /* DepthWeaver */ = {
			isa = PBXGroup;
			children = (
				E3F1A2F6465330BCCBE73A38 /* ContentView.swift */,
				F8C6FBCC776AE3380C7708F5 /* DepthWeaverApp.swift */,
				AABB001100000000000000F6 /* DepthWeaver.macOS.entitlements */,
				A869D295D48B0091CFAE26BE /* Extensions */,
				F287245807223DA622408697 /* Models */,
				5308BFA56B25D32683A8D929 /* Resources */,
				1BC9D8733F26C289653586DE /* Services */,
				5FCA0BE3773687F71872EFA2 /* ViewModels */,
				5BF9233648C6DF1E30BB12BD /* Views */,
				43178DC52FA2A303006F6DCB /* Features */,
			);
			path = DepthWeaver;
			sourceTree = "<group>";
		};
		F287245807223DA622408697 /* Models */ = {
			isa = PBXGroup;
			children = (
				C617E7FB146F4305FC0F5D94 /* DepthAdjustment.swift */,
				FE51659E487843EEA3E89C75 /* DepthDenoising.swift */,
				211C3036F80743386EEC264C /* DepthMap.swift */,
				7146F3F1A17C29C0CF399D77 /* DepthMapPreset.swift */,
				8147331644D902CEC7C53F14 /* Model3DPreset.swift */,
				453EBEAF23405B7B7BDDDC0C /* PatternSource.swift */,
				D790B138C97CF59825E5578A /* ProceduralPatternType.swift */,
				90E652343D35A88CBD7D3A71 /* StereogramPattern.swift */,
				3A9FB28B5E8D7F42FF1C7AC8 /* StereogramSettings.swift */,
			);
			path = Models;
			sourceTree = "<group>";
		};
/* End PBXGroup section */

/* Begin PBXNativeTarget section */
		686565D1AEC737D293DC4F72 /* DepthWeaver */ = {
			isa = PBXNativeTarget;
			buildConfigurationList = 63B9FCF6FAD91F971AF47D78 /* Build configuration list for PBXNativeTarget "DepthWeaver" */;
			buildPhases = (
				C9ECC750B7215DF82FF901A0 /* Sources */,
				8DB5A4A2799334649879C1F5 /* Resources */,
			);
			buildRules = (
			);
			dependencies = (
			);
			name = DepthWeaver;
			packageProductDependencies = (
			);
			productName = DepthWeaver;
			productReference = 1BB672EFAE1CC86586F759FA /* DepthWeaver.app */;
			productType = "com.apple.product-type.application";
		};
/* End PBXNativeTarget section */

/* Begin PBXProject section */
		5C4F1950FB16F5BBF471B779 /* Project object */ = {
			isa = PBXProject;
			attributes = {
				BuildIndependentTargetsInParallel = YES;
				LastUpgradeCheck = 2640;
				TargetAttributes = {
					686565D1AEC737D293DC4F72 = {
						DevelopmentTeam = 7Q49262697;
					};
				};
			};
			buildConfigurationList = 2E006CE9B5422DCD27E4DF5B /* Build configuration list for PBXProject "DepthWeaver" */;
			developmentRegion = en;
			hasScannedForEncodings = 0;
			knownRegions = (
				Base,
				en,
				fr,
			);
			mainGroup = A6990BF00C0B9F56D348F8D4;
			minimizedProjectReferenceProxies = 1;
			preferredProjectObjectVersion = 77;
			productRefGroup = 3001F8C8121D22541EE7F697 /* Products */;
			projectDirPath = "";
			projectRoot = "";
			targets = (
				686565D1AEC737D293DC4F72 /* DepthWeaver */,
			);
		};
/* End PBXProject section */

/* Begin PBXResourcesBuildPhase section */
		8DB5A4A2799334649879C1F5 /* Resources */ = {
			isa = PBXResourcesBuildPhase;
			buildActionMask = 2147483647;
			files = (
				F80A2EF8BD814F17C3F23CA8 /* InfoPlist.xcstrings in Resources */,
				0E514E57FAB6D08B6BABC72B /* Localizable.xcstrings in Resources */,
				43178DEF2FA7F17A006F6DCB /* AppIcon.icon in Resources */,
				6A09F71402310ABC4945DBC2 /* Chameleon.usdz in Resources */,
				C90B42574E1CC704276DD6D9 /* Slide.usdz in Resources */,
				F652436F5180B007C54BAB61 /* SportsCar.usdz in Resources */,
				038FF0D68E49E3A49CD983C1 /* Toilet.usdz in Resources */,
				43178DC62FA2A303006F6DCB /* ScanPasses-iPhone-FixedHeight-1.mp4 in Resources */,
				43178DC72FA2A303006F6DCB /* ScanPasses-iPad-FixedHeight-1.mp4 in Resources */,
				43178DC82FA2A303006F6DCB /* ScanPasses-iPhone-FixedHeight-unflippable-high.mp4 in Resources */,
				43178DC92FA2A303006F6DCB /* ScanPasses-iPad-FixedHeight-2.mp4 in Resources */,
				43178DCA2FA2A303006F6DCB /* ScanPasses-iPhone-FixedHeight-3.mp4 in Resources */,
				43178DCB2FA2A303006F6DCB /* ScanPasses-iPhone-FixedHeight-unflippable-low.mp4 in Resources */,
				43178DCC2FA2A303006F6DCB /* ScanPasses-iPad-FixedHeight-unflippable-high.mp4 in Resources */,
				43178DCD2FA2A303006F6DCB /* ScanPasses-iPad-FixedHeight-3.mp4 in Resources */,
				43178DCE2FA2A303006F6DCB /* ScanPasses-iPad-FixedHeight-unflippable-low.mp4 in Resources */,
				43178DCF2FA2A303006F6DCB /* ScanPasses-iPhone-FixedHeight-2.mp4 in Resources */,
				CA75A3F2EF65181EBF02B46F /* ToyBiplace.usdz in Resources */,
				95536D4B8C173096B982FA6B /* ToyCar.usdz in Resources */,
				5A0AF3B47FF94D79792CAFDD /* atomium.png in Resources */,
				5139AD1169699829B15E1432 /* car.png in Resources */,
				6F86633BFC2C01E7D2F45CAA /* dog.png in Resources */,
				5ED3082CA8166D15BA0A4BE1 /* dolphin.png in Resources */,
				41935C8CB4335A49D2569DFC /* generate_patterns.py in Resources */,
				EC8069FA9D2F16E0A6FC93EE /* hand.png in Resources */,
				B8E2806C35F141EA0F869442 /* head.png in Resources */,
				A37CDEFE576607FC22F29374 /* island.png in Resources */,
				4039F749B5F94211E51F15F4 /* pattern-circles.png in Resources */,
				D8802FE0A1A4E61CD2F2B739 /* pattern-clouds.png in Resources */,
				72B3ACE73B6EF398E97D997C /* pattern-dots.png in Resources */,
				9BBC6D68D3055569E8D42B9F /* pattern-foliage.png in Resources */,
				08398DBD0FF47E84B1880342 /* pattern-giraffe.png in Resources */,
				DE356B539E82BCF1798DD06E /* pattern-hexagons.png in Resources */,
				D715819DB591DE698C790CB9 /* pattern-leaves.png in Resources */,
				552E0CB6FB7792E3DF94DF39 /* pattern-mosaic.png in Resources */,
				0BF4C4A54AD928235034FBF2 /* pattern-noise.png in Resources */,
				2A4F00AE5F82F3F19D12E011 /* pattern-space.png in Resources */,
				79E492EC97347AE8160DECAB /* pattern-stars.png in Resources */,
				5B01577153C462783E54BA84 /* pattern-stones.png in Resources */,
				F414258614472E37ED2E3143 /* pattern-triangles.png in Resources */,
				392EA81D6233EE936962FFC2 /* pattern-wallpaper.png in Resources */,
				1BDC9EFB7BC8E27FC89D33CA /* planet.png in Resources */,
				AEBAFC795CF8F030D81E5A2C /* ship.png in Resources */,
				395307A9B7EF950109B24E60 /* sphinx.png in Resources */,
				6181F745C7A27FA1D848732F /* thumbs-up.png in Resources */,
				43539DC62FA11E4B0036C10E /* Assets.xcassets in Resources */,
				FDA26BD0C461F1953BA27B55 /* tree.png in Resources */,
			);
			runOnlyForDeploymentPostprocessing = 0;
		};
/* End PBXResourcesBuildPhase section */

/* Begin PBXSourcesBuildPhase section */
		C9ECC750B7215DF82FF901A0 /* Sources */ = {
			isa = PBXSourcesBuildPhase;
			buildActionMask = 2147483647;
			files = (
				4488FBE6B1C2837ABAA5236C /* CIImage+Extensions.swift in Sources */,
				AABB002200000000000000B1 /* PlatformImage.swift in Sources */,
				AABB002200000000000000B2 /* MacGenerationView.swift in Sources */,
				AABB002200000000000000B3 /* InspectorPanel.swift in Sources */,
				AABB002200000000000000B4 /* StereogramPNGDocument.swift in Sources */,
				AABB002200000000000000B5 /* SceneCaptureSheet.swift in Sources */,
				875085DBDFAE4557B942A6A6 /* ContentView.swift in Sources */,
				43178DEB2FA2A336006F6DCB /* CapturedModelLibrary.swift in Sources */,
				4E1E348EFE07BD1F6E667FEF /* DepthAdjustment.swift in Sources */,
				A0FA441C56D710B61B7F0848 /* DepthAdjustmentView.swift in Sources */,
				AA11BB22CC33DD44EE55FF66 /* DepthPointCloudView.swift in Sources */,
				D73DE9D8853473303CEC3CBC /* DepthAnythingService.swift in Sources */,
				4B3168DAA98000F24296E6CC /* DepthAnythingV2SmallF16.mlpackage in Sources */,
				B394D032488248DCA5AF9660 /* DepthDenoising.swift in Sources */,
				075B149DE71910946460F250 /* DepthMap.swift in Sources */,
				7569A5DA8D8D4B79A7AADD38 /* DepthMapDenoiser.swift in Sources */,
				9FD861F147B7A0948989E279 /* DepthMapPreset.swift in Sources */,
				5FCAC5AFC57654B1AD89298A /* Model3DPreset.swift in Sources */,
				673ACD09DFF3335B9F00E7AE /* Model3DLoader.swift in Sources */,
				894A44CA96D1368AD62794C3 /* Model3DDepthRenderer.swift in Sources */,
				78D1742F874A4B8E2462B848 /* Model3DCaptureViewModel.swift in Sources */,
				A8A4D0BF0695ADABD82CA468 /* Model3DCaptureView.swift in Sources */,
				CC4B01BB7ED743D719FA3B3D /* DepthWeaverApp.swift in Sources */,
				F792C9764104A9F743123FC5 /* GenerationView.swift in Sources */,
				D59544A6ACACEB30E2CBDC5C /* LiDARCaptureView.swift in Sources */,
				ED04ADD9C01C7054E0139839 /* LiDARCaptureViewModel.swift in Sources */,
				43178DD02FA2A303006F6DCB /* UntilProcessingCompleteFilter.swift in Sources */,
				43178DD12FA2A303006F6DCB /* GuidedCaptureModel+Orbit.swift in Sources */,
				43178DED2FA2A3E4006F6DCB /* NameCaptureSheet.swift in Sources */,
				43178DD22FA2A303006F6DCB /* OnboardingButtonView+LocalizedString.swift in Sources */,
				43178DD32FA2A303006F6DCB /* ReconstructionPrimaryView.swift in Sources */,
				43178DD42FA2A303006F6DCB /* FeedbackView.swift in Sources */,
				43178DD52FA2A303006F6DCB /* ModelView.swift in Sources */,
				43178DD62FA2A303006F6DCB /* OnboardingTutorialView.swift in Sources */,
				43178DD72FA2A303006F6DCB /* CaptureOverlayView+LocalizedString.swift in Sources */,
				43178DD82FA2A303006F6DCB /* OnboardingButtonView.swift in Sources */,
				43178DD92FA2A303006F6DCB /* GuidedCaptureModel+State.swift in Sources */,
				43178DDA2FA2A303006F6DCB /* PlayerView.swift in Sources */,
				43178DDB2FA2A303006F6DCB /* CaptureOverlayView+Buttons.swift in Sources */,
				43178DDC2FA2A303006F6DCB /* OnboardingTutorialView+LocalizedString.swift in Sources */,
				43178DDD2FA2A303006F6DCB /* ShotFileInfo.swift in Sources */,
				43178DDE2FA2A303006F6DCB /* CaptureFolderManager.swift in Sources */,
				43178DDF2FA2A303006F6DCB /* ProgressBarView.swift in Sources */,
				43178DE02FA2A303006F6DCB /* CaptureOverlayView.swift in Sources */,
				43178DE12FA2A303006F6DCB /* FeedbackMessages.swift in Sources */,
				43178DE22FA2A303006F6DCB /* OnboardingView.swift in Sources */,
				43178DE32FA2A303006F6DCB /* CapturePrimaryView.swift in Sources */,
				43178DE42FA2A303006F6DCB /* TutorialVideoView.swift in Sources */,
				43178DE52FA2A303006F6DCB /* OnboardingStateMachine.swift in Sources */,
				43178DE62FA2A303006F6DCB /* GuidedCaptureModel.swift in Sources */,
				43178DE72FA2A303006F6DCB /* HelpPageView.swift in Sources */,
				43178DE82FA2A303006F6DCB /* TimedMessageList.swift in Sources */,
				43178DE92FA2A303006F6DCB /* GuidedCaptureRootView.swift in Sources */,
				71E04375676EDAC0B7C9237E /* LiDARDepthService.swift in Sources */,
				054002F35BB7588A385C02DD /* PatternGenerator.swift in Sources */,
				6DD088ECCD33695018ADC8E0 /* PatternPreviewViewModel.swift in Sources */,
				629EE4830F2B55B9C5611589 /* PatternSource.swift in Sources */,
				BB35C8599055CC164B1A8CF9 /* PerlinNoiseGenerator.swift in Sources */,
				DC70269E4B89CFA7BA39E14E /* PhotoDepthViewModel.swift in Sources */,
				3B918630577BE46D7BAE59D2 /* ProceduralParamsView.swift in Sources */,
				C9E764F78EF22CFBD74349B1 /* ProceduralPatternType.swift in Sources */,
				353AE9B101F5CF786BB10899 /* RandomDotGenerator.swift in Sources */,
				537440AC1058761CE67CE65D /* ReactionDiffusionGenerator.swift in Sources */,
				A900928079C178B41476FEB4 /* StarsGenerator.swift in Sources */,
				602883107FBFC818DB8A7FA8 /* StereogramGenerator.swift in Sources */,
				B2AA6F7193CE877671C35BEA /* StereogramPattern.swift in Sources */,
				2BEDAF8287EE8289A9FE7904 /* StereogramResultView.swift in Sources */,
				9C903F6F099D51F23A085032 /* StereogramSettings.swift in Sources */,
				8790347D7F0C68FE606A1BFA /* StereogramViewModel.swift in Sources */,
				EB7B5384B99B6B9F9D803DE9 /* VoronoiGenerator.swift in Sources */,
				CC584D29ABDD0249FCAC6A53 /* WorleyNoiseGenerator.swift in Sources */,
			);
			runOnlyForDeploymentPostprocessing = 0;
		};
/* End PBXSourcesBuildPhase section */

/* Begin XCBuildConfiguration section */
		05D0EF9B8312FB0FB2889701 /* Release */ = {
			isa = XCBuildConfiguration;
			buildSettings = {
				ASSETCATALOG_COMPILER_APPICON_NAME = AppIcon;
				ASSETCATALOG_COMPILER_INCLUDE_ALL_APPICON_ASSETS = NO;
				"CODE_SIGN_ENTITLEMENTS[sdk=macosx*]" = DepthWeaver/DepthWeaver.macOS.entitlements;
				"CODE_SIGN_IDENTITY[sdk=iphoneos*]" = "iPhone Developer";
				CURRENT_PROJECT_VERSION = 4;
				GENERATE_INFOPLIST_FILE = YES;
				INFOPLIST_KEY_CFBundleDisplayName = DepthWeaver;
				INFOPLIST_KEY_ITSAppUsesNonExemptEncryption = NO;
				INFOPLIST_KEY_LSApplicationCategoryType = "public.app-category.graphics-design";
				INFOPLIST_KEY_NSCameraUsageDescription = "DepthWeaver uses the camera with LiDAR to capture 3D depth";
				INFOPLIST_KEY_NSPhotoLibraryAddUsageDescription = "DepthWeaver saves generated stereograms to your photo library";
				INFOPLIST_KEY_NSPhotoLibraryUsageDescription = "DepthWeaver needs access to your photos to generate depth maps";
				"INFOPLIST_KEY_UILaunchScreen_Generation[sdk=iphoneos*]" = YES;
				"INFOPLIST_KEY_UIRequiresFullScreen[sdk=iphoneos*]" = NO;
				"INFOPLIST_KEY_UISupportedInterfaceOrientations[sdk=iphoneos*]" = "UIInterfaceOrientationPortrait UIInterfaceOrientationLandscapeLeft UIInterfaceOrientationLandscapeRight UIInterfaceOrientationPortraitUpsideDown";
				LD_RUNPATH_SEARCH_PATHS = (
					"$(inherited)",
					"@executable_path/Frameworks",
				);
				MACOSX_DEPLOYMENT_TARGET = 14.0;
				MARKETING_VERSION = 1.0.0;
				PRODUCT_BUNDLE_IDENTIFIER = io.github.glandais.depthweaver;
				SDKROOT = iphoneos;
				SUPPORTED_PLATFORMS = "iphoneos iphonesimulator macosx";
				SUPPORTS_MACCATALYST = NO;
				SUPPORTS_MAC_DESIGNED_FOR_IPHONE_IPAD = NO;
				SUPPORTS_XR_DESIGNED_FOR_IPHONE_IPAD = NO;
				SWIFT_VERSION = 5.9;
				TARGETED_DEVICE_FAMILY = "1,2";
				VERSIONING_SYSTEM = "apple-generic";
			};
			name = Release;
		};
		51A2B83754A87E94D7AF7F59 /* Release */ = {
			isa = XCBuildConfiguration;
			buildSettings = {
				ALWAYS_SEARCH_USER_PATHS = NO;
				ASSETCATALOG_COMPILER_GENERATE_SWIFT_ASSET_SYMBOL_EXTENSIONS = YES;
				CLANG_ANALYZER_LOCALIZABILITY_NONLOCALIZED = YES;
				CLANG_ANALYZER_NONNULL = YES;
				CLANG_ANALYZER_NUMBER_OBJECT_CONVERSION = YES_AGGRESSIVE;
				CLANG_CXX_LANGUAGE_STANDARD = "gnu++14";
				CLANG_CXX_LIBRARY = "libc++";
				CLANG_ENABLE_MODULES = YES;
				CLANG_ENABLE_OBJC_ARC = YES;
				CLANG_ENABLE_OBJC_WEAK = YES;
				CLANG_WARN_BLOCK_CAPTURE_AUTORELEASING = YES;
				CLANG_WARN_BOOL_CONVERSION = YES;
				CLANG_WARN_COMMA = YES;
				CLANG_WARN_CONSTANT_CONVERSION = YES;
				CLANG_WARN_DEPRECATED_OBJC_IMPLEMENTATIONS = YES;
				CLANG_WARN_DIRECT_OBJC_ISA_USAGE = YES_ERROR;
				CLANG_WARN_DOCUMENTATION_COMMENTS = YES;
				CLANG_WARN_EMPTY_BODY = YES;
				CLANG_WARN_ENUM_CONVERSION = YES;
				CLANG_WARN_INFINITE_RECURSION = YES;
				CLANG_WARN_INT_CONVERSION = YES;
				CLANG_WARN_NON_LITERAL_NULL_CONVERSION = YES;
				CLANG_WARN_OBJC_IMPLICIT_RETAIN_SELF = YES;
				CLANG_WARN_OBJC_LITERAL_CONVERSION = YES;
				CLANG_WARN_OBJC_ROOT_CLASS = YES_ERROR;
				CLANG_WARN_QUOTED_INCLUDE_IN_FRAMEWORK_HEADER = YES;
				CLANG_WARN_RANGE_LOOP_ANALYSIS = YES;
				CLANG_WARN_STRICT_PROTOTYPES = YES;
				CLANG_WARN_SUSPICIOUS_MOVE = YES;
				CLANG_WARN_UNGUARDED_AVAILABILITY = YES_AGGRESSIVE;
				CLANG_WARN_UNREACHABLE_CODE = YES;
				CLANG_WARN__DUPLICATE_METHOD_MATCH = YES;
				COPY_PHASE_STRIP = NO;
				DEBUG_INFORMATION_FORMAT = "dwarf-with-dsym";
				DEVELOPMENT_TEAM = 7Q49262697;
				ENABLE_NS_ASSERTIONS = NO;
				ENABLE_STRICT_OBJC_MSGSEND = YES;
				ENABLE_USER_SCRIPT_SANDBOXING = YES;
				GCC_C_LANGUAGE_STANDARD = gnu11;
				GCC_NO_COMMON_BLOCKS = YES;
				GCC_WARN_64_TO_32_BIT_CONVERSION = YES;
				GCC_WARN_ABOUT_RETURN_TYPE = YES_ERROR;
				GCC_WARN_UNDECLARED_SELECTOR = YES;
				GCC_WARN_UNINITIALIZED_AUTOS = YES_AGGRESSIVE;
				GCC_WARN_UNUSED_FUNCTION = YES;
				GCC_WARN_UNUSED_VARIABLE = YES;
				IPHONEOS_DEPLOYMENT_TARGET = 17.0;
				MTL_ENABLE_DEBUG_INFO = NO;
				MTL_FAST_MATH = YES;
				PRODUCT_NAME = "$(TARGET_NAME)";
				SDKROOT = iphoneos;
				STRING_CATALOG_GENERATE_SYMBOLS = YES;
				SWIFT_COMPILATION_MODE = wholemodule;
				SWIFT_OPTIMIZATION_LEVEL = "-O";
				SWIFT_VERSION = 5.0;
			};
			name = Release;
		};
		5BF03A5E333D4B5DD00B5334 /* Debug */ = {
			isa = XCBuildConfiguration;
			buildSettings = {
				ALWAYS_SEARCH_USER_PATHS = NO;
				ASSETCATALOG_COMPILER_GENERATE_SWIFT_ASSET_SYMBOL_EXTENSIONS = YES;
				CLANG_ANALYZER_LOCALIZABILITY_NONLOCALIZED = YES;
				CLANG_ANALYZER_NONNULL = YES;
				CLANG_ANALYZER_NUMBER_OBJECT_CONVERSION = YES_AGGRESSIVE;
				CLANG_CXX_LANGUAGE_STANDARD = "gnu++14";
				CLANG_CXX_LIBRARY = "libc++";
				CLANG_ENABLE_MODULES = YES;
				CLANG_ENABLE_OBJC_ARC = YES;
				CLANG_ENABLE_OBJC_WEAK = YES;
				CLANG_WARN_BLOCK_CAPTURE_AUTORELEASING = YES;
				CLANG_WARN_BOOL_CONVERSION = YES;
				CLANG_WARN_COMMA = YES;
				CLANG_WARN_CONSTANT_CONVERSION = YES;
				CLANG_WARN_DEPRECATED_OBJC_IMPLEMENTATIONS = YES;
				CLANG_WARN_DIRECT_OBJC_ISA_USAGE = YES_ERROR;
				CLANG_WARN_DOCUMENTATION_COMMENTS = YES;
				CLANG_WARN_EMPTY_BODY = YES;
				CLANG_WARN_ENUM_CONVERSION = YES;
				CLANG_WARN_INFINITE_RECURSION = YES;
				CLANG_WARN_INT_CONVERSION = YES;
				CLANG_WARN_NON_LITERAL_NULL_CONVERSION = YES;
				CLANG_WARN_OBJC_IMPLICIT_RETAIN_SELF = YES;
				CLANG_WARN_OBJC_LITERAL_CONVERSION = YES;
				CLANG_WARN_OBJC_ROOT_CLASS = YES_ERROR;
				CLANG_WARN_QUOTED_INCLUDE_IN_FRAMEWORK_HEADER = YES;
				CLANG_WARN_RANGE_LOOP_ANALYSIS = YES;
				CLANG_WARN_STRICT_PROTOTYPES = YES;
				CLANG_WARN_SUSPICIOUS_MOVE = YES;
				CLANG_WARN_UNGUARDED_AVAILABILITY = YES_AGGRESSIVE;
				CLANG_WARN_UNREACHABLE_CODE = YES;
				CLANG_WARN__DUPLICATE_METHOD_MATCH = YES;
				COPY_PHASE_STRIP = NO;
				DEBUG_INFORMATION_FORMAT = dwarf;
				DEVELOPMENT_TEAM = 7Q49262697;
				ENABLE_STRICT_OBJC_MSGSEND = YES;
				ENABLE_TESTABILITY = YES;
				ENABLE_USER_SCRIPT_SANDBOXING = YES;
				GCC_C_LANGUAGE_STANDARD = gnu11;
				GCC_DYNAMIC_NO_PIC = NO;
				GCC_NO_COMMON_BLOCKS = YES;
				GCC_OPTIMIZATION_LEVEL = 0;
				GCC_PREPROCESSOR_DEFINITIONS = (
					"$(inherited)",
					"DEBUG=1",
				);
				GCC_WARN_64_TO_32_BIT_CONVERSION = YES;
				GCC_WARN_ABOUT_RETURN_TYPE = YES_ERROR;
				GCC_WARN_UNDECLARED_SELECTOR = YES;
				GCC_WARN_UNINITIALIZED_AUTOS = YES_AGGRESSIVE;
				GCC_WARN_UNUSED_FUNCTION = YES;
				GCC_WARN_UNUSED_VARIABLE = YES;
				IPHONEOS_DEPLOYMENT_TARGET = 17.0;
				MTL_ENABLE_DEBUG_INFO = INCLUDE_SOURCE;
				MTL_FAST_MATH = YES;
				ONLY_ACTIVE_ARCH = YES;
				PRODUCT_NAME = "$(TARGET_NAME)";
				SDKROOT = iphoneos;
				STRING_CATALOG_GENERATE_SYMBOLS = YES;
				SWIFT_ACTIVE_COMPILATION_CONDITIONS = DEBUG;
				SWIFT_OPTIMIZATION_LEVEL = "-Onone";
				SWIFT_VERSION = 5.0;
			};
			name = Debug;
		};
		BE9A01BFB7460B81F6738EFB /* Debug */ = {
			isa = XCBuildConfiguration;
			buildSettings = {
				ASSETCATALOG_COMPILER_APPICON_NAME = AppIcon;
				ASSETCATALOG_COMPILER_INCLUDE_ALL_APPICON_ASSETS = NO;
				"CODE_SIGN_ENTITLEMENTS[sdk=macosx*]" = DepthWeaver/DepthWeaver.macOS.entitlements;
				"CODE_SIGN_IDENTITY[sdk=iphoneos*]" = "iPhone Developer";
				CURRENT_PROJECT_VERSION = 4;
				GENERATE_INFOPLIST_FILE = YES;
				INFOPLIST_KEY_CFBundleDisplayName = DepthWeaver;
				INFOPLIST_KEY_ITSAppUsesNonExemptEncryption = NO;
				INFOPLIST_KEY_LSApplicationCategoryType = "public.app-category.graphics-design";
				INFOPLIST_KEY_NSCameraUsageDescription = "DepthWeaver uses the camera with LiDAR to capture 3D depth";
				INFOPLIST_KEY_NSPhotoLibraryAddUsageDescription = "DepthWeaver saves generated stereograms to your photo library";
				INFOPLIST_KEY_NSPhotoLibraryUsageDescription = "DepthWeaver needs access to your photos to generate depth maps";
				"INFOPLIST_KEY_UILaunchScreen_Generation[sdk=iphoneos*]" = YES;
				"INFOPLIST_KEY_UIRequiresFullScreen[sdk=iphoneos*]" = NO;
				"INFOPLIST_KEY_UISupportedInterfaceOrientations[sdk=iphoneos*]" = "UIInterfaceOrientationPortrait UIInterfaceOrientationLandscapeLeft UIInterfaceOrientationLandscapeRight UIInterfaceOrientationPortraitUpsideDown";
				LD_RUNPATH_SEARCH_PATHS = (
					"$(inherited)",
					"@executable_path/Frameworks",
				);
				MACOSX_DEPLOYMENT_TARGET = 14.0;
				MARKETING_VERSION = 1.0.0;
				PRODUCT_BUNDLE_IDENTIFIER = io.github.glandais.depthweaver;
				SDKROOT = iphoneos;
				SUPPORTED_PLATFORMS = "iphoneos iphonesimulator macosx";
				SUPPORTS_MACCATALYST = NO;
				SUPPORTS_MAC_DESIGNED_FOR_IPHONE_IPAD = NO;
				SUPPORTS_XR_DESIGNED_FOR_IPHONE_IPAD = NO;
				SWIFT_VERSION = 5.9;
				TARGETED_DEVICE_FAMILY = "1,2";
				VERSIONING_SYSTEM = "apple-generic";
			};
			name = Debug;
		};
/* End XCBuildConfiguration section */

/* Begin XCConfigurationList section */
		2E006CE9B5422DCD27E4DF5B /* Build configuration list for PBXProject "DepthWeaver" */ = {
			isa = XCConfigurationList;
			buildConfigurations = (
				5BF03A5E333D4B5DD00B5334 /* Debug */,
				51A2B83754A87E94D7AF7F59 /* Release */,
			);
			defaultConfigurationIsVisible = 0;
			defaultConfigurationName = Debug;
		};
		63B9FCF6FAD91F971AF47D78 /* Build configuration list for PBXNativeTarget "DepthWeaver" */ = {
			isa = XCConfigurationList;
			buildConfigurations = (
				BE9A01BFB7460B81F6738EFB /* Debug */,
				05D0EF9B8312FB0FB2889701 /* Release */,
			);
			defaultConfigurationIsVisible = 0;
			defaultConfigurationName = Debug;
		};
/* End XCConfigurationList section */
	};
	rootObject = 5C4F1950FB16F5BBF471B779 /* Project object */;
}
